// !$*UTF8*$!
{
	archiveVersion = 1;
	classes = {
	};
	objectVersion = 46;
	objects = {

/* Begin PBXBuildFile section */
		FBBF6B971F09AF770016EBFC /* AppDelegate.swift in Sources */ = {isa = PBXBuildFile; fileRef = FBBF6B961F09AF770016EBFC /* AppDelegate.swift */; };
		FBBF6B991F09AF770016EBFC /* ViewController.swift in Sources */ = {isa = PBXBuildFile; fileRef = FBBF6B981F09AF770016EBFC /* ViewController.swift */; };
		FBBF6B9C1F09AF770016EBFC /* Main.storyboard in Resources */ = {isa = PBXBuildFile; fileRef = FBBF6B9A1F09AF770016EBFC /* Main.storyboard */; };
		FBBF6B9E1F09AF770016EBFC /* Assets.xcassets in Resources */ = {isa = PBXBuildFile; fileRef = FBBF6B9D1F09AF770016EBFC /* Assets.xcassets */; };
		FBBF6BA11F09AF770016EBFC /* LaunchScreen.storyboard in Resources */ = {isa = PBXBuildFile; fileRef = FBBF6B9F1F09AF770016EBFC /* LaunchScreen.storyboard */; };
/* End PBXBuildFile section */

/* Begin PBXFileReference section */
		FBBF6B931F09AF770016EBFC /* Trip Pro.app */ = {isa = PBXFileReference; explicitFileType = wrapper.application; includeInIndex = 0; path = "Trip Pro.app"; sourceTree = BUILT_PRODUCTS_DIR; };
		FBBF6B961F09AF770016EBFC /* AppDelegate.swift */ = {isa = PBXFileReference; lastKnownFileType = sourcecode.swift; path = AppDelegate.swift; sourceTree = "<group>"; };
		FBBF6B981F09AF770016EBFC /* ViewController.swift */ = {isa = PBXFileReference; lastKnownFileType = sourcecode.swift; path = ViewController.swift; sourceTree = "<group>"; };
		FBBF6B9B1F09AF770016EBFC /* Base */ = {isa = PBXFileReference; lastKnownFileType = file.storyboard; name = Base; path = Base.lproj/Main.storyboard; sourceTree = "<group>"; };
		FBBF6B9D1F09AF770016EBFC /* Assets.xcassets */ = {isa = PBXFileReference; lastKnownFileType = folder.assetcatalog; path = Assets.xcassets; sourceTree = "<group>"; };
		FBBF6BA01F09AF770016EBFC /* Base */ = {isa = PBXFileReference; lastKnownFileType = file.storyboard; name = Base; path = Base.lproj/LaunchScreen.storyboard; sourceTree = "<group>"; };
		FBBF6BA21F09AF770016EBFC /* Info.plist */ = {isa = PBXFileReference; lastKnownFileType = text.plist.xml; path = Info.plist; sourceTree = "<group>"; };
/* End PBXFileReference section */

/* Begin PBXFrameworksBuildPhase section */
		FBBF6B901F09AF770016EBFC /* Frameworks */ = {
			isa = PBXFrameworksBuildPhase;
			buildActionMask = 2147483647;
			files = (
			);
			runOnlyForDeploymentPostprocessing = 0;
		};
/* End PBXFrameworksBuildPhase section */

/* Begin PBXGroup section */
		FBBF6B8A1F09AF770016EBFC = {
			isa = PBXGroup;
			children = (
				FBBF6B951F09AF770016EBFC /* Trip Pro */,
				FBBF6B941F09AF770016EBFC /* Products */,
			);
			sourceTree = "<group>";
		};
		FBBF6B941F09AF770016EBFC /* Products */ = {
			isa = PBXGroup;
			children = (
				FBBF6B931F09AF770016EBFC /* Trip Pro.app */,
			);
			name = Products;
			sourceTree = "<group>";
		};
		FBBF6B951F09AF770016EBFC /* Trip Pro */ = {
			isa = PBXGroup;
			children = (
				FBBF6B961F09AF770016EBFC /* AppDelegate.swift */,
				FBBF6B981F09AF770016EBFC /* ViewController.swift */,
				FBBF6B9A1F09AF770016EBFC /* Main.storyboard */,
				FBBF6B9D1F09AF770016EBFC /* Assets.xcassets */,
				FBBF6B9F1F09AF770016EBFC /* LaunchScreen.storyboard */,
				FBBF6BA21F09AF770016EBFC /* Info.plist */,
			);
			path = "Trip Pro";
			sourceTree = "<group>";
		};
/* End PBXGroup section */

/* Begin PBXNativeTarget section */
		FBBF6B921F09AF770016EBFC /* Trip Pro */ = {
			isa = PBXNativeTarget;
			buildConfigurationList = FBBF6BA51F09AF770016EBFC /* Build configuration list for PBXNativeTarget "Trip Pro" */;
			buildPhases = (
				FBBF6B8F1F09AF770016EBFC /* Sources */,
				FBBF6B901F09AF770016EBFC /* Frameworks */,
				FBBF6B911F09AF770016EBFC /* Resources */,
			);
			buildRules = (
			);
			dependencies = (
			);
			name = "Trip Pro";
			productName = "Trip Pro";
			productReference = FBBF6B931F09AF770016EBFC /* Trip Pro.app */;
			productType = "com.apple.product-type.application";
		};
/* End PBXNativeTarget section */

/* Begin PBXProject section */
		FBBF6B8B1F09AF770016EBFC /* Project object */ = {
			isa = PBXProject;
			attributes = {
				LastSwiftUpdateCheck = 0830;
				LastUpgradeCheck = 0830;
				ORGANIZATIONNAME = "Silvia  Kim";
				TargetAttributes = {
					FBBF6B921F09AF770016EBFC = {
						CreatedOnToolsVersion = 8.3.3;
						ProvisioningStyle = Automatic;
					};
				};
			};
			buildConfigurationList = FBBF6B8E1F09AF770016EBFC /* Build configuration list for PBXProject "Trip Pro" */;
			compatibilityVersion = "Xcode 3.2";
			developmentRegion = English;
			hasScannedForEncodings = 0;
			knownRegions = (
				en,
				Base,
			);
			mainGroup = FBBF6B8A1F09AF770016EBFC;
			productRefGroup = FBBF6B941F09AF770016EBFC /* Products */;
			projectDirPath = "";
			projectRoot = "";
			targets = (
				FBBF6B921F09AF770016EBFC /* Trip Pro */,
			);
		};
/* End PBXProject section */

/* Begin PBXResourcesBuildPhase section */
		FBBF6B911F09AF770016EBFC /* Resources */ = {
			isa = PBXResourcesBuildPhase;
			buildActionMask = 2147483647;
			files = (
				FBBF6BA11F09AF770016EBFC /* LaunchScreen.storyboard in Resources */,
				FBBF6B9E1F09AF770016EBFC /* Assets.xcassets in Resources */,
				FBBF6B9C1F09AF770016EBFC /* Main.storyboard in Resources */,
			);
			runOnlyForDeploymentPostprocessing = 0;
		};
/* End PBXResourcesBuildPhase section */

/* Begin PBXSourcesBuildPhase section */
		FBBF6B8F1F09AF770016EBFC /* Sources */ = {
			isa = PBXSourcesBuildPhase;
			buildActionMask = 2147483647;
			files = (
				FBBF6B991F09AF770016EBFC /* ViewController.swift in Sources */,
				FBBF6B971F09AF770016EBFC /* AppDelegate.swift in Sources */,
			);
			runOnlyForDeploymentPostprocessing = 0;
		};
/* End PBXSourcesBuildPhase section */

/* Begin PBXVariantGroup section */
		FBBF6B9A1F09AF770016EBFC /* Main.storyboard */ = {
			isa = PBXVariantGroup;
			children = (
				FBBF6B9B1F09AF770016EBFC /* Base */,
			);
			name = Main.storyboard;
			sourceTree = "<group>";
		};
		FBBF6B9F1F09AF770016EBFC /* LaunchScreen.storyboard */ = {
			isa = PBXVariantGroup;
			children = (
				FBBF6BA01F09AF770016EBFC /* Base */,
			);
			name = LaunchScreen.storyboard;
			sourceTree = "<group>";
		};
/* End PBXVariantGroup section */

/* Begin XCBuildConfiguration section */
		FBBF6BA31F09AF770016EBFC /* Debug */ = {
			isa = XCBuildConfiguration;
			buildSettings = {
				ALWAYS_SEARCH_USER_PATHS = NO;
				CLANG_ANALYZER_NONNULL = YES;
				CLANG_ANALYZER_NUMBER_OBJECT_CONVERSION = YES_AGGRESSIVE;
				CLANG_CXX_LANGUAGE_STANDARD = "gnu++0x";
				CLANG_CXX_LIBRARY = "libc++";
				CLANG_ENABLE_MODULES = YES;
				CLANG_ENABLE_OBJC_ARC = YES;
				CLANG_WARN_BOOL_CONVERSION = YES;
				CLANG_WARN_CONSTANT_CONVERSION = YES;
				CLANG_WARN_DIRECT_OBJC_ISA_USAGE = YES_ERROR;
				CLANG_WARN_DOCUMENTATION_COMMENTS = YES;
				CLANG_WARN_EMPTY_BODY = YES;
				CLANG_WARN_ENUM_CONVERSION = YES;
				CLANG_WARN_INFINITE_RECURSION = YES;
				CLANG_WARN_INT_CONVERSION = YES;
				CLANG_WARN_OBJC_ROOT_CLASS = YES_ERROR;
				CLANG_WARN_SUSPICIOUS_MOVE = YES;
				CLANG_WARN_UNREACHABLE_CODE = YES;
				CLANG_WARN__DUPLICATE_METHOD_MATCH = YES;
				"CODE_SIGN_IDENTITY[sdk=iphoneos*]" = "iPhone Developer";
				COPY_PHASE_STRIP = NO;
				DEBUG_INFORMATION_FORMAT = dwarf;
				ENABLE_STRICT_OBJC_MSGSEND = YES;
				ENABLE_TESTABILITY = YES;
				GCC_C_LANGUAGE_STANDARD = gnu99;
				GCC_DYNAMIC_NO_PIC = NO;
				GCC_NO_COMMON_BLOCKS = YES;
				GCC_OPTIMIZATION_LEVEL = 0;
				GCC_PREPROCESSOR_DEFINITIONS = (
					"DEBUG=1",
					"$(inherited)",
				);
				GCC_WARN_64_TO_32_BIT_CONVERSION = YES;
				GCC_WARN_ABOUT_RETURN_TYPE = YES_ERROR;
				GCC_WARN_UNDECLARED_SELECTOR = YES;
				GCC_WARN_UNINITIALIZED_AUTOS = YES_AGGRESSIVE;
				GCC_WARN_UNUSED_FUNCTION = YES;
				GCC_WARN_UNUSED_VARIABLE = YES;
				IPHONEOS_DEPLOYMENT_TARGET = 10.3;
				MTL_ENABLE_DEBUG_INFO = YES;
				ONLY_ACTIVE_ARCH = YES;
				SDKROOT = iphoneos;
				SWIFT_ACTIVE_COMPILATION_CONDITIONS = DEBUG;
				SWIFT_OPTIMIZATION_LEVEL = "-Onone";
				TARGETED_DEVICE_FAMILY = "1,2";
			};
			name = Debug;
		};
		FBBF6BA41F09AF770016EBFC /* Release */ = {
			isa = XCBuildConfiguration;
			buildSettings = {
				ALWAYS_SEARCH_USER_PATHS = NO;
				CLANG_ANALYZER_NONNULL = YES;
				CLANG_ANALYZER_NUMBER_OBJECT_CONVERSION = YES_AGGRESSIVE;
				CLANG_CXX_LANGUAGE_STANDARD = "gnu++0x";
				CLANG_CXX_LIBRARY = "libc++";
				CLANG_ENABLE_MODULES = YES;
				CLANG_ENABLE_OBJC_ARC = YES;
				CLANG_WARN_BOOL_CONVERSION = YES;
				CLANG_WARN_CONSTANT_CONVERSION = YES;
				CLANG_WARN_DIRECT_OBJC_ISA_USAGE = YES_ERROR;
				CLANG_WARN_DOCUMENTATION_COMMENTS = YES;
				CLANG_WARN_EMPTY_BODY = YES;
				CLANG_WARN_ENUM_CONVERSION = YES;
				CLANG_WARN_INFINITE_RECURSION = YES;
				CLANG_WARN_INT_CONVERSION = YES;
				CLANG_WARN_OBJC_ROOT_CLASS = YES_ERROR;
				CLANG_WARN_SUSPICIOUS_MOVE = YES;
				CLANG_WARN_UNREACHABLE_CODE = YES;
				CLANG_WARN__DUPLICATE_METHOD_MATCH = YES;
				"CODE_SIGN_IDENTITY[sdk=iphoneos*]" = "iPhone Developer";
				COPY_PHASE_STRIP = NO;
				DEBUG_INFORMATION_FORMAT = "dwarf-with-dsym";
				ENABLE_NS_ASSERTIONS = NO;
				ENABLE_STRICT_OBJC_MSGSEND = YES;
				GCC_C_LANGUAGE_STANDARD = gnu99;
				GCC_NO_COMMON_BLOCKS = YES;
				GCC_WARN_64_TO_32_BIT_CONVERSION = YES;
				GCC_WARN_ABOUT_RETURN_TYPE = YES_ERROR;
				GCC_WARN_UNDECLARED_SELECTOR = YES;
				GCC_WARN_UNINITIALIZED_AUTOS = YES_AGGRESSIVE;
				GCC_WARN_UNUSED_FUNCTION = YES;
				GCC_WARN_UNUSED_VARIABLE = YES;
				IPHONEOS_DEPLOYMENT_TARGET = 10.3;
				MTL_ENABLE_DEBUG_INFO = NO;
				SDKROOT = iphoneos;
				SWIFT_OPTIMIZATION_LEVEL = "-Owholemodule";
				TARGETED_DEVICE_FAMILY = "1,2";
				VALIDATE_PRODUCT = YES;
			};
			name = Release;
		};
		FBBF6BA61F09AF770016EBFC /* Debug */ = {
			isa = XCBuildConfiguration;
			buildSettings = {
				ASSETCATALOG_COMPILER_APPICON_NAME = AppIcon;
				INFOPLIST_FILE = "Trip Pro/Info.plist";
				LD_RUNPATH_SEARCH_PATHS = "$(inherited) @executable_path/Frameworks";
				PRODUCT_BUNDLE_IDENTIFIER = "com.makeschool.Trip-Pro";
				PRODUCT_NAME = "$(TARGET_NAME)";
				SWIFT_VERSION = 3.0;
			};
			name = Debug;
		};
		FBBF6BA71F09AF770016EBFC /* Release */ = {
			isa = XCBuildConfiguration;
			buildSettings = {
				ASSETCATALOG_COMPILER_APPICON_NAME = AppIcon;
				INFOPLIST_FILE = "Trip Pro/Info.plist";
				LD_RUNPATH_SEARCH_PATHS = "$(inherited) @executable_path/Frameworks";
				PRODUCT_BUNDLE_IDENTIFIER = "com.makeschool.Trip-Pro";
				PRODUCT_NAME = "$(TARGET_NAME)";
				SWIFT_VERSION = 3.0;
			};
			name = Release;
		};
/* End XCBuildConfiguration section */

/* Begin XCConfigurationList section */
		FBBF6B8E1F09AF770016EBFC /* Build configuration list for PBXProject "Trip Pro" */ = {
			isa = XCConfigurationList;
			buildConfigurations = (
				FBBF6BA31F09AF770016EBFC /* Debug */,
				FBBF6BA41F09AF770016EBFC /* Release */,
			);
			defaultConfigurationIsVisible = 0;
			defaultConfigurationName = Release;
		};
		FBBF6BA51F09AF770016EBFC /* Build configuration list for PBXNativeTarget "Trip Pro" */ = {
			isa = XCConfigurationList;
			buildConfigurations = (
				FBBF6BA61F09AF770016EBFC /* Debug */,
				FBBF6BA71F09AF770016EBFC /* Release */,
			);
			defaultConfigurationIsVisible = 0;
		};
/* End XCConfigurationList section */
	};
	rootObject = FBBF6B8B1F09AF770016EBFC /* Project object */;
}
